
Microsoft Visual Studio Solution File, Format Version 12.00
# Visual Studio Version 17
VisualStudioVersion = 17.11.35327.3
MinimumVisualStudioVersion = 10.0.40219.1
Project("{FAE04EC0-301F-11D3-BF4B-00C04F79EFBC}") = "InventoryManagementSystem", "InventoryManagementSystem.csproj", "{1EA130E8-A5AE-4294-BDCF-E305109C64B6}"
EndProject
Global
	GlobalSection(SolutionConfigurationPlatforms) = preSolution
		Debug|Any CPU = Debug|Any CPU
		Release|Any CPU = Release|Any CPU
	EndGlobalSection
	GlobalSection(ProjectConfigurationPlatforms) = postSolution
		{1EA130E8-A5AE-4294-BDCF-E305109C64B6}.Debug|Any CPU.ActiveCfg = Debug|Any CPU
		{1EA130E8-A5AE-4294-BDCF-E305109C64B6}.Debug|Any CPU.Build.0 = Debug|Any CPU
		{1EA130E8-A5AE-4294-BDCF-E305109C64B6}.Release|Any CPU.ActiveCfg = Release|Any CPU
		{1EA130E8-A5AE-4294-BDCF-E305109C64B6}.Release|Any CPU.Build.0 = Release|Any CPU
	EndGlobalSection
	GlobalSection(SolutionProperties) = preSolution
		HideSolutionNode = FALSE
	EndGlobalSection
	GlobalSection(ExtensibilityGlobals) = postSolution
		SolutionGuid = {37F5DAD7-75DC-4EDF-93B5-D1CFE7CE0941}
	EndGlobalSection
EndGlobal
